{
    "_readme": [
        "This file locks the dependencies of your project to a known state",
        "Read more about it at https://getcomposer.org/doc/01-basic-usage.md#installing-dependencies",
        "This file is @generated automatically"
    ],
    "content-hash": "851c6916604139b2c89e598d10e5bb98",
    "packages": [
        {
            "name": "npm-asset/font-awesome",
            "version": "5.15.4",
            "source": {
                "type": "git",
                "url": "https://github.com/FortAwesome/Font-Awesome.git",
                "reference": "7d3d774145ac38663f6d1effc6def0334b68ab7e"
            },
            "dist": {
                "type": "zip",
                "url": "https://api.github.com/repos/FortAwesome/Font-Awesome/zipball/7d3d774145ac38663f6d1effc6def0334b68ab7e",
                "reference": "7d3d774145ac38663f6d1effc6def0334b68ab7e"
            },
            "type": "npm-asset"
        }
    ],
    "packages-dev": [],
    "aliases": [],
    "minimum-stability": "stable",
    "stability-flags": [],
    "prefer-stable": false,
    "prefer-lowest": false,
    "platform": [],
    "platform-dev": [],
    "plugin-api-version": "2.6.0"
}
